
Microsoft Visual Studio Solution File, Format Version 12.00
# Visual Studio 15
VisualStudioVersion = 15.0.26124.0
MinimumVisualStudioVersion = 15.0.26124.0
Project("{FAE04EC0-301F-11D3-BF4B-00C04F79EFBC}") = "SGame", "SGame\SGame.csproj", "{39B57300-864F-4E5B-B15E-57E07750A1D1}"
EndProject
Project("{FAE04EC0-301F-11D3-BF4B-00C04F79EFBC}") = "SGame.Tests", "SGame.Tests\SGame.Tests.csproj", "{BB891896-2558-46CC-B4BA-FA0A1B9073BB}"
EndProject
Project("{FAE04EC0-301F-11D3-BF4B-00C04F79EFBC}") = "SArbiter", "SArbiter\SArbiter.csproj", "{6C573E57-7B22-412B-91D2-5B7B72C3221C}"
EndProject
Global
	GlobalSection(SolutionConfigurationPlatforms) = preSolution
		Debug|Any CPU = Debug|Any CPU
		Debug|x64 = Debug|x64
		Debug|x86 = Debug|x86
		Release|Any CPU = Release|Any CPU
		Release|x64 = Release|x64
		Release|x86 = Release|x86
	EndGlobalSection
	GlobalSection(SolutionProperties) = preSolution
		HideSolutionNode = FALSE
	EndGlobalSection
	GlobalSection(ProjectConfigurationPlatforms) = postSolution
		{39B57300-864F-4E5B-B15E-57E07750A1D1}.Debug|Any CPU.ActiveCfg = Debug|Any CPU
		{39B57300-864F-4E5B-B15E-57E07750A1D1}.Debug|Any CPU.Build.0 = Debug|Any CPU
		{39B57300-864F-4E5B-B15E-57E07750A1D1}.Debug|x64.ActiveCfg = Debug|Any CPU
		{39B57300-864F-4E5B-B15E-57E07750A1D1}.Debug|x64.Build.0 = Debug|Any CPU
		{39B57300-864F-4E5B-B15E-57E07750A1D1}.Debug|x86.ActiveCfg = Debug|Any CPU
		{39B57300-864F-4E5B-B15E-57E07750A1D1}.Debug|x86.Build.0 = Debug|Any CPU
		{39B57300-864F-4E5B-B15E-57E07750A1D1}.Release|Any CPU.ActiveCfg = Release|Any CPU
		{39B57300-864F-4E5B-B15E-57E07750A1D1}.Release|Any CPU.Build.0 = Release|Any CPU
		{39B57300-864F-4E5B-B15E-57E07750A1D1}.Release|x64.ActiveCfg = Release|Any CPU
		{39B57300-864F-4E5B-B15E-57E07750A1D1}.Release|x64.Build.0 = Release|Any CPU
		{39B57300-864F-4E5B-B15E-57E07750A1D1}.Release|x86.ActiveCfg = Release|Any CPU
		{39B57300-864F-4E5B-B15E-57E07750A1D1}.Release|x86.Build.0 = Release|Any CPU
		{BB891896-2558-46CC-B4BA-FA0A1B9073BB}.Debug|Any CPU.ActiveCfg = Debug|Any CPU
		{BB891896-2558-46CC-B4BA-FA0A1B9073BB}.Debug|Any CPU.Build.0 = Debug|Any CPU
		{BB891896-2558-46CC-B4BA-FA0A1B9073BB}.Debug|x64.ActiveCfg = Debug|Any CPU
		{BB891896-2558-46CC-B4BA-FA0A1B9073BB}.Debug|x64.Build.0 = Debug|Any CPU
		{BB891896-2558-46CC-B4BA-FA0A1B9073BB}.Debug|x86.ActiveCfg = Debug|Any CPU
		{BB891896-2558-46CC-B4BA-FA0A1B9073BB}.Debug|x86.Build.0 = Debug|Any CPU
		{BB891896-2558-46CC-B4BA-FA0A1B9073BB}.Release|Any CPU.ActiveCfg = Release|Any CPU
		{BB891896-2558-46CC-B4BA-FA0A1B9073BB}.Release|Any CPU.Build.0 = Release|Any CPU
		{BB891896-2558-46CC-B4BA-FA0A1B9073BB}.Release|x64.ActiveCfg = Release|Any CPU
		{BB891896-2558-46CC-B4BA-FA0A1B9073BB}.Release|x64.Build.0 = Release|Any CPU
		{BB891896-2558-46CC-B4BA-FA0A1B9073BB}.Release|x86.ActiveCfg = Release|Any CPU
		{BB891896-2558-46CC-B4BA-FA0A1B9073BB}.Release|x86.Build.0 = Release|Any CPU
		{6C573E57-7B22-412B-91D2-5B7B72C3221C}.Debug|Any CPU.ActiveCfg = Debug|Any CPU
		{6C573E57-7B22-412B-91D2-5B7B72C3221C}.Debug|Any CPU.Build.0 = Debug|Any CPU
		{6C573E57-7B22-412B-91D2-5B7B72C3221C}.Debug|x64.ActiveCfg = Debug|Any CPU
		{6C573E57-7B22-412B-91D2-5B7B72C3221C}.Debug|x64.Build.0 = Debug|Any CPU
		{6C573E57-7B22-412B-91D2-5B7B72C3221C}.Debug|x86.ActiveCfg = Debug|Any CPU
		{6C573E57-7B22-412B-91D2-5B7B72C3221C}.Debug|x86.Build.0 = Debug|Any CPU
		{6C573E57-7B22-412B-91D2-5B7B72C3221C}.Release|Any CPU.ActiveCfg = Release|Any CPU
		{6C573E57-7B22-412B-91D2-5B7B72C3221C}.Release|Any CPU.Build.0 = Release|Any CPU
		{6C573E57-7B22-412B-91D2-5B7B72C3221C}.Release|x64.ActiveCfg = Release|Any CPU
		{6C573E57-7B22-412B-91D2-5B7B72C3221C}.Release|x64.Build.0 = Release|Any CPU
		{6C573E57-7B22-412B-91D2-5B7B72C3221C}.Release|x86.ActiveCfg = Release|Any CPU
		{6C573E57-7B22-412B-91D2-5B7B72C3221C}.Release|x86.Build.0 = Release|Any CPU
	EndGlobalSection
EndGlobal
